
Microsoft Visual Studio Solution File, Format Version 12.00
# Visual Studio 14
VisualStudioVersion = 14.0.25420.1
MinimumVisualStudioVersion = 10.0.40219.1
Project("{FAE04EC0-301F-11D3-BF4B-00C04F79EFBC}") = "_Common", "Common\_Common.csproj", "{C68927CC-5E81-45F4-A5BB-400A80574AF1}"
EndProject
Project("{FAE04EC0-301F-11D3-BF4B-00C04F79EFBC}") = "Backoffice", "Backoffice\Backoffice.csproj", "{B537ECC9-9009-4C4E-8DFC-D088D5654D1A}"
EndProject
Project("{FAE04EC0-301F-11D3-BF4B-00C04F79EFBC}") = "Replicated Site", "ReplicatedSite\Replicated Site.csproj", "{E0E69EC8-7911-4A7B-9B29-2F802DCA8107}"
EndProject
Project("{FAE04EC0-301F-11D3-BF4B-00C04F79EFBC}") = "Admin Dashboard", "AdminDashboard\Admin Dashboard.csproj", "{D563E8C2-0992-4D9C-965E-45CC3A1A5D07}"
EndProject
Global
	GlobalSection(SolutionConfigurationPlatforms) = preSolution
		Debug|Any CPU = Debug|Any CPU
		Release|Any CPU = Release|Any CPU
	EndGlobalSection
	GlobalSection(ProjectConfigurationPlatforms) = postSolution
		{C68927CC-5E81-45F4-A5BB-400A80574AF1}.Debug|Any CPU.ActiveCfg = Debug|Any CPU
		{C68927CC-5E81-45F4-A5BB-400A80574AF1}.Debug|Any CPU.Build.0 = Debug|Any CPU
		{C68927CC-5E81-45F4-A5BB-400A80574AF1}.Debug|Any CPU.Deploy.0 = Debug|Any CPU
		{C68927CC-5E81-45F4-A5BB-400A80574AF1}.Release|Any CPU.ActiveCfg = Release|Any CPU
		{C68927CC-5E81-45F4-A5BB-400A80574AF1}.Release|Any CPU.Build.0 = Release|Any CPU
		{B537ECC9-9009-4C4E-8DFC-D088D5654D1A}.Debug|Any CPU.ActiveCfg = Debug|Any CPU
		{B537ECC9-9009-4C4E-8DFC-D088D5654D1A}.Debug|Any CPU.Build.0 = Debug|Any CPU
		{B537ECC9-9009-4C4E-8DFC-D088D5654D1A}.Release|Any CPU.ActiveCfg = Release|Any CPU
		{B537ECC9-9009-4C4E-8DFC-D088D5654D1A}.Release|Any CPU.Build.0 = Release|Any CPU
		{E0E69EC8-7911-4A7B-9B29-2F802DCA8107}.Debug|Any CPU.ActiveCfg = Debug|Any CPU
		{E0E69EC8-7911-4A7B-9B29-2F802DCA8107}.Debug|Any CPU.Build.0 = Debug|Any CPU
		{E0E69EC8-7911-4A7B-9B29-2F802DCA8107}.Release|Any CPU.ActiveCfg = Release|Any CPU
		{E0E69EC8-7911-4A7B-9B29-2F802DCA8107}.Release|Any CPU.Build.0 = Release|Any CPU
		{D563E8C2-0992-4D9C-965E-45CC3A1A5D07}.Debug|Any CPU.ActiveCfg = Debug|Any CPU
		{D563E8C2-0992-4D9C-965E-45CC3A1A5D07}.Debug|Any CPU.Build.0 = Debug|Any CPU
		{D563E8C2-0992-4D9C-965E-45CC3A1A5D07}.Release|Any CPU.ActiveCfg = Release|Any CPU
		{D563E8C2-0992-4D9C-965E-45CC3A1A5D07}.Release|Any CPU.Build.0 = Release|Any CPU
	EndGlobalSection
	GlobalSection(SolutionProperties) = preSolution
		HideSolutionNode = FALSE
	EndGlobalSection
EndGlobal
